// !$*UTF8*$!
{
	archiveVersion = 1;
	classes = {
	};
	objectVersion = 50;
	objects = {

/* Begin PBXBuildFile section */
		AF5C928421302A8400FADA46 /* AppDelegate.swift in Sources */ = {isa = PBXBuildFile; fileRef = AF5C928321302A8400FADA46 /* AppDelegate.swift */; };
		AF5C928621302A8400FADA46 /* ViewController.swift in Sources */ = {isa = PBXBuildFile; fileRef = AF5C928521302A8400FADA46 /* ViewController.swift */; };
		AF5C928921302A8400FADA46 /* Main.storyboard in Resources */ = {isa = PBXBuildFile; fileRef = AF5C928721302A8400FADA46 /* Main.storyboard */; };
		AF5C928B21302A8500FADA46 /* Assets.xcassets in Resources */ = {isa = PBXBuildFile; fileRef = AF5C928A21302A8500FADA46 /* Assets.xcassets */; };
		AF5C928E21302A8500FADA46 /* LaunchScreen.storyboard in Resources */ = {isa = PBXBuildFile; fileRef = AF5C928C21302A8500FADA46 /* LaunchScreen.storyboard */; };
		AFF395282136B1260076C84D /* PromiseKit.framework in Frameworks */ = {isa = PBXBuildFile; fileRef = AFF395272136B1260076C84D /* PromiseKit.framework */; };
/* End PBXBuildFile section */

/* Begin PBXFileReference section */
		AF5C928021302A8400FADA46 /* Acromegaly.app */ = {isa = PBXFileReference; explicitFileType = wrapper.application; includeInIndex = 0; path = Acromegaly.app; sourceTree = BUILT_PRODUCTS_DIR; };
		AF5C928321302A8400FADA46 /* AppDelegate.swift */ = {isa = PBXFileReference; lastKnownFileType = sourcecode.swift; path = AppDelegate.swift; sourceTree = "<group>"; };
		AF5C928521302A8400FADA46 /* ViewController.swift */ = {isa = PBXFileReference; lastKnownFileType = sourcecode.swift; path = ViewController.swift; sourceTree = "<group>"; };
		AF5C928821302A8400FADA46 /* Base */ = {isa = PBXFileReference; lastKnownFileType = file.storyboard; name = Base; path = Base.lproj/Main.storyboard; sourceTree = "<group>"; };
		AF5C928A21302A8500FADA46 /* Assets.xcassets */ = {isa = PBXFileReference; lastKnownFileType = folder.assetcatalog; path = Assets.xcassets; sourceTree = "<group>"; };
		AF5C928D21302A8500FADA46 /* Base */ = {isa = PBXFileReference; lastKnownFileType = file.storyboard; name = Base; path = Base.lproj/LaunchScreen.storyboard; sourceTree = "<group>"; };
		AF5C928F21302A8500FADA46 /* Info.plist */ = {isa = PBXFileReference; lastKnownFileType = text.plist.xml; path = Info.plist; sourceTree = "<group>"; };
		AFF395272136B1260076C84D /* PromiseKit.framework */ = {isa = PBXFileReference; lastKnownFileType = wrapper.framework; name = PromiseKit.framework; path = Carthage/Build/iOS/PromiseKit.framework; sourceTree = "<group>"; };
/* End PBXFileReference section */

/* Begin PBXFrameworksBuildPhase section */
		AF5C927D21302A8400FADA46 /* Frameworks */ = {
			isa = PBXFrameworksBuildPhase;
			buildActionMask = 2147483647;
			files = (
				AFF395282136B1260076C84D /* PromiseKit.framework in Frameworks */,
			);
			runOnlyForDeploymentPostprocessing = 0;
		};
/* End PBXFrameworksBuildPhase section */

/* Begin PBXGroup section */
		AF5C927721302A8400FADA46 = {
			isa = PBXGroup;
			children = (
				AF5C928221302A8400FADA46 /* Acromegaly */,
				AF5C928121302A8400FADA46 /* Products */,
				AFF395262136B1260076C84D /* Frameworks */,
			);
			sourceTree = "<group>";
		};
		AF5C928121302A8400FADA46 /* Products */ = {
			isa = PBXGroup;
			children = (
				AF5C928021302A8400FADA46 /* Acromegaly.app */,
			);
			name = Products;
			sourceTree = "<group>";
		};
		AF5C928221302A8400FADA46 /* Acromegaly */ = {
			isa = PBXGroup;
			children = (
				AF5C928321302A8400FADA46 /* AppDelegate.swift */,
				AF5C928521302A8400FADA46 /* ViewController.swift */,
				AF5C928721302A8400FADA46 /* Main.storyboard */,
				AF5C928A21302A8500FADA46 /* Assets.xcassets */,
				AF5C928C21302A8500FADA46 /* LaunchScreen.storyboard */,
				AF5C928F21302A8500FADA46 /* Info.plist */,
			);
			path = Acromegaly;
			sourceTree = "<group>";
		};
		AFF395262136B1260076C84D /* Frameworks */ = {
			isa = PBXGroup;
			children = (
				AFF395272136B1260076C84D /* PromiseKit.framework */,
			);
			name = Frameworks;
			sourceTree = "<group>";
		};
/* End PBXGroup section */

/* Begin PBXNativeTarget section */
		AF5C927F21302A8400FADA46 /* Acromegaly */ = {
			isa = PBXNativeTarget;
			buildConfigurationList = AF5C929221302A8500FADA46 /* Build configuration list for PBXNativeTarget "Acromegaly" */;
			buildPhases = (
				AF5C927C21302A8400FADA46 /* Sources */,
				AF5C927D21302A8400FADA46 /* Frameworks */,
				AF5C927E21302A8400FADA46 /* Resources */,
				AFF395292136B1320076C84D /* Carthage Copy Frameworks */,
			);
			buildRules = (
			);
			dependencies = (
			);
			name = Acromegaly;
			productName = Acromegaly;
			productReference = AF5C928021302A8400FADA46 /* Acromegaly.app */;
			productType = "com.apple.product-type.application";
		};
/* End PBXNativeTarget section */

/* Begin PBXProject section */
		AF5C927821302A8400FADA46 /* Project object */ = {
			isa = PBXProject;
			attributes = {
				LastSwiftUpdateCheck = 0940;
				LastUpgradeCheck = 0940;
				ORGANIZATIONNAME = "Hubert Andrzejewski";
				TargetAttributes = {
					AF5C927F21302A8400FADA46 = {
						CreatedOnToolsVersion = 9.4.1;
					};
				};
			};
			buildConfigurationList = AF5C927B21302A8400FADA46 /* Build configuration list for PBXProject "Acromegaly" */;
			compatibilityVersion = "Xcode 9.3";
			developmentRegion = en;
			hasScannedForEncodings = 0;
			knownRegions = (
				en,
				Base,
			);
			mainGroup = AF5C927721302A8400FADA46;
			productRefGroup = AF5C928121302A8400FADA46 /* Products */;
			projectDirPath = "";
			projectRoot = "";
			targets = (
				AF5C927F21302A8400FADA46 /* Acromegaly */,
			);
		};
/* End PBXProject section */

/* Begin PBXResourcesBuildPhase section */
		AF5C927E21302A8400FADA46 /* Resources */ = {
			isa = PBXResourcesBuildPhase;
			buildActionMask = 2147483647;
			files = (
				AF5C928E21302A8500FADA46 /* LaunchScreen.storyboard in Resources */,
				AF5C928B21302A8500FADA46 /* Assets.xcassets in Resources */,
				AF5C928921302A8400FADA46 /* Main.storyboard in Resources */,
			);
			runOnlyForDeploymentPostprocessing = 0;
		};
/* End PBXResourcesBuildPhase section */

/* Begin PBXShellScriptBuildPhase section */
		AFF395292136B1320076C84D /* Carthage Copy Frameworks */ = {
			isa = PBXShellScriptBuildPhase;
			buildActionMask = 2147483647;
			files = (
			);
			inputPaths = (
				"$(SRCROOT)/Carthage/Build/iOS/PromiseKit.framework",
			);
			name = "Carthage Copy Frameworks";
			outputPaths = (
				"$(BUILT_PRODUCTS_DIR)/$(FRAMEWORKS_FOLDER_PATH)/PromiseKit.framework",
			);
			runOnlyForDeploymentPostprocessing = 0;
			shellPath = /bin/sh;
			shellScript = "/usr/local/bin/carthage copy-frameworks";
		};
/* End PBXShellScriptBuildPhase section */

/* Begin PBXSourcesBuildPhase section */
		AF5C927C21302A8400FADA46 /* Sources */ = {
			isa = PBXSourcesBuildPhase;
			buildActionMask = 2147483647;
			files = (
				AF5C928621302A8400FADA46 /* ViewController.swift in Sources */,
				AF5C928421302A8400FADA46 /* AppDelegate.swift in Sources */,
			);
			runOnlyForDeploymentPostprocessing = 0;
		};
/* End PBXSourcesBuildPhase section */

/* Begin PBXVariantGroup section */
		AF5C928721302A8400FADA46 /* Main.storyboard */ = {
			isa = PBXVariantGroup;
			children = (
				AF5C928821302A8400FADA46 /* Base */,
			);
			name = Main.storyboard;
			sourceTree = "<group>";
		};
		AF5C928C21302A8500FADA46 /* LaunchScreen.storyboard */ = {
			isa = PBXVariantGroup;
			children = (
				AF5C928D21302A8500FADA46 /* Base */,
			);
			name = LaunchScreen.storyboard;
			sourceTree = "<group>";
		};
/* End PBXVariantGroup section */

/* Begin XCBuildConfiguration section */
		AF5C929021302A8500FADA46 /* Debug */ = {
			isa = XCBuildConfiguration;
			buildSettings = {
				ALWAYS_SEARCH_USER_PATHS = NO;
				CLANG_ANALYZER_NONNULL = YES;
				CLANG_ANALYZER_NUMBER_OBJECT_CONVERSION = YES_AGGRESSIVE;
				CLANG_CXX_LANGUAGE_STANDARD = "gnu++14";
				CLANG_CXX_LIBRARY = "libc++";
				CLANG_ENABLE_MODULES = YES;
				CLANG_ENABLE_OBJC_ARC = YES;
				CLANG_ENABLE_OBJC_WEAK = YES;
				CLANG_WARN_BLOCK_CAPTURE_AUTORELEASING = YES;
				CLANG_WARN_BOOL_CONVERSION = YES;
				CLANG_WARN_COMMA = YES;
				CLANG_WARN_CONSTANT_CONVERSION = YES;
				CLANG_WARN_DEPRECATED_OBJC_IMPLEMENTATIONS = YES;
				CLANG_WARN_DIRECT_OBJC_ISA_USAGE = YES_ERROR;
				CLANG_WARN_DOCUMENTATION_COMMENTS = YES;
				CLANG_WARN_EMPTY_BODY = YES;
				CLANG_WARN_ENUM_CONVERSION = YES;
				CLANG_WARN_INFINITE_RECURSION = YES;
				CLANG_WARN_INT_CONVERSION = YES;
				CLANG_WARN_NON_LITERAL_NULL_CONVERSION = YES;
				CLANG_WARN_OBJC_IMPLICIT_RETAIN_SELF = YES;
				CLANG_WARN_OBJC_LITERAL_CONVERSION = YES;
				CLANG_WARN_OBJC_ROOT_CLASS = YES_ERROR;
				CLANG_WARN_RANGE_LOOP_ANALYSIS = YES;
				CLANG_WARN_STRICT_PROTOTYPES = YES;
				CLANG_WARN_SUSPICIOUS_MOVE = YES;
				CLANG_WARN_UNGUARDED_AVAILABILITY = YES_AGGRESSIVE;
				CLANG_WARN_UNREACHABLE_CODE = YES;
				CLANG_WARN__DUPLICATE_METHOD_MATCH = YES;
				CODE_SIGN_IDENTITY = "iPhone Developer";
				COPY_PHASE_STRIP = NO;
				DEBUG_INFORMATION_FORMAT = dwarf;
				ENABLE_STRICT_OBJC_MSGSEND = YES;
				ENABLE_TESTABILITY = YES;
				GCC_C_LANGUAGE_STANDARD = gnu11;
				GCC_DYNAMIC_NO_PIC = NO;
				GCC_NO_COMMON_BLOCKS = YES;
				GCC_OPTIMIZATION_LEVEL = 0;
				GCC_PREPROCESSOR_DEFINITIONS = (
					"DEBUG=1",
					"$(inherited)",
				);
				GCC_WARN_64_TO_32_BIT_CONVERSION = YES;
				GCC_WARN_ABOUT_RETURN_TYPE = YES_ERROR;
				GCC_WARN_UNDECLARED_SELECTOR = YES;
				GCC_WARN_UNINITIALIZED_AUTOS = YES_AGGRESSIVE;
				GCC_WARN_UNUSED_FUNCTION = YES;
				GCC_WARN_UNUSED_VARIABLE = YES;
				IPHONEOS_DEPLOYMENT_TARGET = 11.4;
				MTL_ENABLE_DEBUG_INFO = YES;
				ONLY_ACTIVE_ARCH = YES;
				SDKROOT = iphoneos;
				SWIFT_ACTIVE_COMPILATION_CONDITIONS = DEBUG;
				SWIFT_OPTIMIZATION_LEVEL = "-Onone";
			};
			name = Debug;
		};
		AF5C929121302A8500FADA46 /* Release */ = {
			isa = XCBuildConfiguration;
			buildSettings = {
				ALWAYS_SEARCH_USER_PATHS = NO;
				CLANG_ANALYZER_NONNULL = YES;
				CLANG_ANALYZER_NUMBER_OBJECT_CONVERSION = YES_AGGRESSIVE;
				CLANG_CXX_LANGUAGE_STANDARD = "gnu++14";
				CLANG_CXX_LIBRARY = "libc++";
				CLANG_ENABLE_MODULES = YES;
				CLANG_ENABLE_OBJC_ARC = YES;
				CLANG_ENABLE_OBJC_WEAK = YES;
				CLANG_WARN_BLOCK_CAPTURE_AUTORELEASING = YES;
				CLANG_WARN_BOOL_CONVERSION = YES;
				CLANG_WARN_COMMA = YES;
				CLANG_WARN_CONSTANT_CONVERSION = YES;
				CLANG_WARN_DEPRECATED_OBJC_IMPLEMENTATIONS = YES;
				CLANG_WARN_DIRECT_OBJC_ISA_USAGE = YES_ERROR;
				CLANG_WARN_DOCUMENTATION_COMMENTS = YES;
				CLANG_WARN_EMPTY_BODY = YES;
				CLANG_WARN_ENUM_CONVERSION = YES;
				CLANG_WARN_INFINITE_RECURSION = YES;
				CLANG_WARN_INT_CONVERSION = YES;
				CLANG_WARN_NON_LITERAL_NULL_CONVERSION = YES;
				CLANG_WARN_OBJC_IMPLICIT_RETAIN_SELF = YES;
				CLANG_WARN_OBJC_LITERAL_CONVERSION = YES;
				CLANG_WARN_OBJC_ROOT_CLASS = YES_ERROR;
				CLANG_WARN_RANGE_LOOP_ANALYSIS = YES;
				CLANG_WARN_STRICT_PROTOTYPES = YES;
				CLANG_WARN_SUSPICIOUS_MOVE = YES;
				CLANG_WARN_UNGUARDED_AVAILABILITY = YES_AGGRESSIVE;
				CLANG_WARN_UNREACHABLE_CODE = YES;
				CLANG_WARN__DUPLICATE_METHOD_MATCH = YES;
				CODE_SIGN_IDENTITY = "iPhone Developer";
				COPY_PHASE_STRIP = NO;
				DEBUG_INFORMATION_FORMAT = "dwarf-with-dsym";
				ENABLE_NS_ASSERTIONS = NO;
				ENABLE_STRICT_OBJC_MSGSEND = YES;
				GCC_C_LANGUAGE_STANDARD = gnu11;
				GCC_NO_COMMON_BLOCKS = YES;
				GCC_WARN_64_TO_32_BIT_CONVERSION = YES;
				GCC_WARN_ABOUT_RETURN_TYPE = YES_ERROR;
				GCC_WARN_UNDECLARED_SELECTOR = YES;
				GCC_WARN_UNINITIALIZED_AUTOS = YES_AGGRESSIVE;
				GCC_WARN_UNUSED_FUNCTION = YES;
				GCC_WARN_UNUSED_VARIABLE = YES;
				IPHONEOS_DEPLOYMENT_TARGET = 11.4;
				MTL_ENABLE_DEBUG_INFO = NO;
				SDKROOT = iphoneos;
				SWIFT_COMPILATION_MODE = wholemodule;
				SWIFT_OPTIMIZATION_LEVEL = "-O";
				VALIDATE_PRODUCT = YES;
			};
			name = Release;
		};
		AF5C929321302A8500FADA46 /* Debug */ = {
			isa = XCBuildConfiguration;
			buildSettings = {
				ASSETCATALOG_COMPILER_APPICON_NAME = AppIcon;
				CODE_SIGN_STYLE = Automatic;
				DEVELOPMENT_TEAM = Q436T99AEU;
				FRAMEWORK_SEARCH_PATHS = (
					"$(inherited)",
					"$(PROJECT_DIR)/Carthage/Build/iOS",
				);
				INFOPLIST_FILE = Acromegaly/Info.plist;
				LD_RUNPATH_SEARCH_PATHS = (
					"$(inherited)",
					"@executable_path/Frameworks",
				);
				PRODUCT_BUNDLE_IDENTIFIER = com.antrov.Acromegaly;
				PRODUCT_NAME = "$(TARGET_NAME)";
				SWIFT_VERSION = 4.0;
				TARGETED_DEVICE_FAMILY = "1,2";
			};
			name = Debug;
		};
		AF5C929421302A8500FADA46 /* Release */ = {
			isa = XCBuildConfiguration;
			buildSettings = {
				ASSETCATALOG_COMPILER_APPICON_NAME = AppIcon;
				CODE_SIGN_STYLE = Automatic;
				DEVELOPMENT_TEAM = Q436T99AEU;
				FRAMEWORK_SEARCH_PATHS = (
					"$(inherited)",
					"$(PROJECT_DIR)/Carthage/Build/iOS",
				);
				INFOPLIST_FILE = Acromegaly/Info.plist;
				LD_RUNPATH_SEARCH_PATHS = (
					"$(inherited)",
					"@executable_path/Frameworks",
				);
				PRODUCT_BUNDLE_IDENTIFIER = com.antrov.Acromegaly;
				PRODUCT_NAME = "$(TARGET_NAME)";
				SWIFT_VERSION = 4.0;
				TARGETED_DEVICE_FAMILY = "1,2";
			};
			name = Release;
		};
/* End XCBuildConfiguration section */

/* Begin XCConfigurationList section */
		AF5C927B21302A8400FADA46 /* Build configuration list for PBXProject "Acromegaly" */ = {
			isa = XCConfigurationList;
			buildConfigurations = (
				AF5C929021302A8500FADA46 /* Debug */,
				AF5C929121302A8500FADA46 /* Release */,
			);
			defaultConfigurationIsVisible = 0;
			defaultConfigurationName = Release;
		};
		AF5C929221302A8500FADA46 /* Build configuration list for PBXNativeTarget "Acromegaly" */ = {
			isa = XCConfigurationList;
			buildConfigurations = (
				AF5C929321302A8500FADA46 /* Debug */,
				AF5C929421302A8500FADA46 /* Release */,
			);
			defaultConfigurationIsVisible = 0;
			defaultConfigurationName = Release;
		};
/* End XCConfigurationList section */
	};
	rootObject = AF5C927821302A8400FADA46 /* Project object */;
}
